
Microsoft Visual Studio Solution File, Format Version 12.00
# Visual Studio Version 17
VisualStudioVersion = 17.7.34031.279
MinimumVisualStudioVersion = 10.0.40219.1
Project("{9A19103F-16F7-4668-BE54-9A1E7A4F7556}") = "Names", "Names.csproj", "{90E40442-B61E-44B4-909B-0E4B2A357E10}"
EndProject
Global
	GlobalSection(SolutionConfigurationPlatforms) = preSolution
		Debug|Any CPU = Debug|Any CPU
		Release|Any CPU = Release|Any CPU
	EndGlobalSection
	GlobalSection(ProjectConfigurationPlatforms) = postSolution
		{90E40442-B61E-44B4-909B-0E4B2A357E10}.Debug|Any CPU.ActiveCfg = Debug|Any CPU
		{90E40442-B61E-44B4-909B-0E4B2A357E10}.Debug|Any CPU.Build.0 = Debug|Any CPU
		{90E40442-B61E-44B4-909B-0E4B2A357E10}.Release|Any CPU.ActiveCfg = Release|Any CPU
		{90E40442-B61E-44B4-909B-0E4B2A357E10}.Release|Any CPU.Build.0 = Release|Any CPU
	EndGlobalSection
	GlobalSection(SolutionProperties) = preSolution
		HideSolutionNode = FALSE
	EndGlobalSection
	GlobalSection(ExtensibilityGlobals) = postSolution
		SolutionGuid = {13811221-0E59-4317-93A4-720930CA3185}
	EndGlobalSection
EndGlobal
